// !$*UTF8*$!
{
	archiveVersion = 1;
	classes = {
	};
	objectVersion = 55;
	objects = {

/* Begin PBXBuildFile section */
		5386A4E74F9A4613D5B1BC69 /* Pods_GymBuddies.framework in Frameworks */ = {isa = PBXBuildFile; fileRef = 81A552040E1859E2C0F57C5F /* Pods_GymBuddies.framework */; };
		8E70890128775751008B4238 /* AppDelegate.m in Sources */ = {isa = PBXBuildFile; fileRef = 8E70890028775751008B4238 /* AppDelegate.m */; };
		8E70890428775751008B4238 /* SceneDelegate.m in Sources */ = {isa = PBXBuildFile; fileRef = 8E70890328775751008B4238 /* SceneDelegate.m */; };
		8E70890A28775751008B4238 /* Main.storyboard in Resources */ = {isa = PBXBuildFile; fileRef = 8E70890828775751008B4238 /* Main.storyboard */; };
		8E70890C28775752008B4238 /* Assets.xcassets in Resources */ = {isa = PBXBuildFile; fileRef = 8E70890B28775752008B4238 /* Assets.xcassets */; };
		8E70890F28775752008B4238 /* LaunchScreen.storyboard in Resources */ = {isa = PBXBuildFile; fileRef = 8E70890D28775752008B4238 /* LaunchScreen.storyboard */; };
		8E70891228775752008B4238 /* main.m in Sources */ = {isa = PBXBuildFile; fileRef = 8E70891128775752008B4238 /* main.m */; };
		8E70891C28775752008B4238 /* GymBuddiesTests.m in Sources */ = {isa = PBXBuildFile; fileRef = 8E70891B28775752008B4238 /* GymBuddiesTests.m */; };
		8E70892628775752008B4238 /* GymBuddiesUITests.m in Sources */ = {isa = PBXBuildFile; fileRef = 8E70892528775752008B4238 /* GymBuddiesUITests.m */; };
		8E70892828775752008B4238 /* GymBuddiesUITestsLaunchTests.m in Sources */ = {isa = PBXBuildFile; fileRef = 8E70892728775752008B4238 /* GymBuddiesUITestsLaunchTests.m */; };
		8E70893528775C3B008B4238 /* Keys.plist in Resources */ = {isa = PBXBuildFile; fileRef = 8E70893428775C3B008B4238 /* Keys.plist */; };
		8E70893D28777BF4008B4238 /* LoginViewController.m in Sources */ = {isa = PBXBuildFile; fileRef = 8E70893C28777BF4008B4238 /* LoginViewController.m */; };
		8E70894128778E90008B4238 /* ParseAPIManager.m in Sources */ = {isa = PBXBuildFile; fileRef = 8E70894028778E90008B4238 /* ParseAPIManager.m */; };
		8E70894428779209008B4238 /* RegisterViewController.m in Sources */ = {isa = PBXBuildFile; fileRef = 8E70894328779209008B4238 /* RegisterViewController.m */; };
		8E7089472878DD81008B4238 /* HomeViewController.m in Sources */ = {isa = PBXBuildFile; fileRef = 8E7089462878DD81008B4238 /* HomeViewController.m */; };
		8E7089512878EBFE008B4238 /* ProfileViewController.m in Sources */ = {isa = PBXBuildFile; fileRef = 8E7089502878EBFE008B4238 /* ProfileViewController.m */; };
		8E708957287CDB69008B4238 /* CreateRoutineViewController.m in Sources */ = {isa = PBXBuildFile; fileRef = 8E708956287CDB69008B4238 /* CreateRoutineViewController.m */; };
		8E70895A287CDB8C008B4238 /* AddExerciseViewController.m in Sources */ = {isa = PBXBuildFile; fileRef = 8E708959287CDB8C008B4238 /* AddExerciseViewController.m */; };
		8E70895D287CDBF4008B4238 /* CreateExerciseViewController.m in Sources */ = {isa = PBXBuildFile; fileRef = 8E70895C287CDBF4008B4238 /* CreateExerciseViewController.m */; };
		8E708961287CEF40008B4238 /* BodyZone.m in Sources */ = {isa = PBXBuildFile; fileRef = 8E708960287CEF40008B4238 /* BodyZone.m */; };
		8E708964287CEF5A008B4238 /* Exercise.m in Sources */ = {isa = PBXBuildFile; fileRef = 8E708963287CEF5A008B4238 /* Exercise.m */; };
		8E832E98287F351300BF0024 /* BodyZoneCollectionViewCell.m in Sources */ = {isa = PBXBuildFile; fileRef = 8E832E97287F351300BF0024 /* BodyZoneCollectionViewCell.m */; };
		8E832E9B287F4B9200BF0024 /* CommonValidations.m in Sources */ = {isa = PBXBuildFile; fileRef = 8E832E9A287F4B9200BF0024 /* CommonValidations.m */; };
		8E832E9E28809DF200BF0024 /* SavedExercise.m in Sources */ = {isa = PBXBuildFile; fileRef = 8E832E9D28809DF200BF0024 /* SavedExercise.m */; };
		8E832EA12880B1D000BF0024 /* AddExerciseTableViewCell.m in Sources */ = {isa = PBXBuildFile; fileRef = 8E832EA02880B1D000BF0024 /* AddExerciseTableViewCell.m */; };
		8EF8226428820CCE0000DED9 /* AlertCreator.m in Sources */ = {isa = PBXBuildFile; fileRef = 8EF8226328820CCE0000DED9 /* AlertCreator.m */; };
		8EF822672885E5FF0000DED9 /* ExerciseInCreateRoutineTableViewCell.m in Sources */ = {isa = PBXBuildFile; fileRef = 8EF822662885E5FF0000DED9 /* ExerciseInCreateRoutineTableViewCell.m */; };
		DC9627D1E793C6AF8B7EB821 /* Pods_GymBuddies_GymBuddiesUITests.framework in Frameworks */ = {isa = PBXBuildFile; fileRef = 981C81EFFE7710F342AC177A /* Pods_GymBuddies_GymBuddiesUITests.framework */; };
		F6FC2A8384B8A8A5B0EC6986 /* Pods_GymBuddiesTests.framework in Frameworks */ = {isa = PBXBuildFile; fileRef = 5AF314264FFF381257F8E7EB /* Pods_GymBuddiesTests.framework */; };
/* End PBXBuildFile section */

/* Begin PBXContainerItemProxy section */
		8E70891828775752008B4238 /* PBXContainerItemProxy */ = {
			isa = PBXContainerItemProxy;
			containerPortal = 8E7088F428775751008B4238 /* Project object */;
			proxyType = 1;
			remoteGlobalIDString = 8E7088FB28775751008B4238;
			remoteInfo = GymBuddies;
		};
		8E70892228775752008B4238 /* PBXContainerItemProxy */ = {
			isa = PBXContainerItemProxy;
			containerPortal = 8E7088F428775751008B4238 /* Project object */;
			proxyType = 1;
			remoteGlobalIDString = 8E7088FB28775751008B4238;
			remoteInfo = GymBuddies;
		};
/* End PBXContainerItemProxy section */

/* Begin PBXFileReference section */
		077FA676BDA1D8914BB0D3B9 /* Pods-GymBuddies-GymBuddiesUITests.debug.xcconfig */ = {isa = PBXFileReference; includeInIndex = 1; lastKnownFileType = text.xcconfig; name = "Pods-GymBuddies-GymBuddiesUITests.debug.xcconfig"; path = "Target Support Files/Pods-GymBuddies-GymBuddiesUITests/Pods-GymBuddies-GymBuddiesUITests.debug.xcconfig"; sourceTree = "<group>"; };
		2BE863DFA398B4E913F1F806 /* Pods-GymBuddiesTests.release.xcconfig */ = {isa = PBXFileReference; includeInIndex = 1; lastKnownFileType = text.xcconfig; name = "Pods-GymBuddiesTests.release.xcconfig"; path = "Target Support Files/Pods-GymBuddiesTests/Pods-GymBuddiesTests.release.xcconfig"; sourceTree = "<group>"; };
		39FBF3391F9298952B249F25 /* Pods-GymBuddies.release.xcconfig */ = {isa = PBXFileReference; includeInIndex = 1; lastKnownFileType = text.xcconfig; name = "Pods-GymBuddies.release.xcconfig"; path = "Target Support Files/Pods-GymBuddies/Pods-GymBuddies.release.xcconfig"; sourceTree = "<group>"; };
		4048F3D0A3D8ACDFBBCEC993 /* Pods-GymBuddies-GymBuddiesUITests.release.xcconfig */ = {isa = PBXFileReference; includeInIndex = 1; lastKnownFileType = text.xcconfig; name = "Pods-GymBuddies-GymBuddiesUITests.release.xcconfig"; path = "Target Support Files/Pods-GymBuddies-GymBuddiesUITests/Pods-GymBuddies-GymBuddiesUITests.release.xcconfig"; sourceTree = "<group>"; };
		5AF314264FFF381257F8E7EB /* Pods_GymBuddiesTests.framework */ = {isa = PBXFileReference; explicitFileType = wrapper.framework; includeInIndex = 0; path = Pods_GymBuddiesTests.framework; sourceTree = BUILT_PRODUCTS_DIR; };
		601CC9BC3CF99C0875C26FC4 /* Pods-GymBuddies.debug.xcconfig */ = {isa = PBXFileReference; includeInIndex = 1; lastKnownFileType = text.xcconfig; name = "Pods-GymBuddies.debug.xcconfig"; path = "Target Support Files/Pods-GymBuddies/Pods-GymBuddies.debug.xcconfig"; sourceTree = "<group>"; };
		81A552040E1859E2C0F57C5F /* Pods_GymBuddies.framework */ = {isa = PBXFileReference; explicitFileType = wrapper.framework; includeInIndex = 0; path = Pods_GymBuddies.framework; sourceTree = BUILT_PRODUCTS_DIR; };
		8E7088FC28775751008B4238 /* GymBuddies.app */ = {isa = PBXFileReference; explicitFileType = wrapper.application; includeInIndex = 0; path = GymBuddies.app; sourceTree = BUILT_PRODUCTS_DIR; };
		8E7088FF28775751008B4238 /* AppDelegate.h */ = {isa = PBXFileReference; lastKnownFileType = sourcecode.c.h; path = AppDelegate.h; sourceTree = "<group>"; };
		8E70890028775751008B4238 /* AppDelegate.m */ = {isa = PBXFileReference; lastKnownFileType = sourcecode.c.objc; path = AppDelegate.m; sourceTree = "<group>"; };
		8E70890228775751008B4238 /* SceneDelegate.h */ = {isa = PBXFileReference; lastKnownFileType = sourcecode.c.h; path = SceneDelegate.h; sourceTree = "<group>"; };
		8E70890328775751008B4238 /* SceneDelegate.m */ = {isa = PBXFileReference; lastKnownFileType = sourcecode.c.objc; path = SceneDelegate.m; sourceTree = "<group>"; };
		8E70890928775751008B4238 /* Base */ = {isa = PBXFileReference; lastKnownFileType = file.storyboard; name = Base; path = Base.lproj/Main.storyboard; sourceTree = "<group>"; };
		8E70890B28775752008B4238 /* Assets.xcassets */ = {isa = PBXFileReference; lastKnownFileType = folder.assetcatalog; path = Assets.xcassets; sourceTree = "<group>"; };
		8E70890E28775752008B4238 /* Base */ = {isa = PBXFileReference; lastKnownFileType = file.storyboard; name = Base; path = Base.lproj/LaunchScreen.storyboard; sourceTree = "<group>"; };
		8E70891028775752008B4238 /* Info.plist */ = {isa = PBXFileReference; lastKnownFileType = text.plist.xml; path = Info.plist; sourceTree = "<group>"; };
		8E70891128775752008B4238 /* main.m */ = {isa = PBXFileReference; lastKnownFileType = sourcecode.c.objc; path = main.m; sourceTree = "<group>"; };
		8E70891728775752008B4238 /* GymBuddiesTests.xctest */ = {isa = PBXFileReference; explicitFileType = wrapper.cfbundle; includeInIndex = 0; path = GymBuddiesTests.xctest; sourceTree = BUILT_PRODUCTS_DIR; };
		8E70891B28775752008B4238 /* GymBuddiesTests.m */ = {isa = PBXFileReference; lastKnownFileType = sourcecode.c.objc; path = GymBuddiesTests.m; sourceTree = "<group>"; };
		8E70892128775752008B4238 /* GymBuddiesUITests.xctest */ = {isa = PBXFileReference; explicitFileType = wrapper.cfbundle; includeInIndex = 0; path = GymBuddiesUITests.xctest; sourceTree = BUILT_PRODUCTS_DIR; };
		8E70892528775752008B4238 /* GymBuddiesUITests.m */ = {isa = PBXFileReference; lastKnownFileType = sourcecode.c.objc; path = GymBuddiesUITests.m; sourceTree = "<group>"; };
		8E70892728775752008B4238 /* GymBuddiesUITestsLaunchTests.m */ = {isa = PBXFileReference; lastKnownFileType = sourcecode.c.objc; path = GymBuddiesUITestsLaunchTests.m; sourceTree = "<group>"; };
		8E70893428775C3B008B4238 /* Keys.plist */ = {isa = PBXFileReference; lastKnownFileType = text.plist.xml; path = Keys.plist; sourceTree = "<group>"; };
		8E70893B28777BF4008B4238 /* LoginViewController.h */ = {isa = PBXFileReference; lastKnownFileType = sourcecode.c.h; path = LoginViewController.h; sourceTree = "<group>"; };
		8E70893C28777BF4008B4238 /* LoginViewController.m */ = {isa = PBXFileReference; lastKnownFileType = sourcecode.c.objc; path = LoginViewController.m; sourceTree = "<group>"; };
		8E70893F28778E90008B4238 /* ParseAPIManager.h */ = {isa = PBXFileReference; lastKnownFileType = sourcecode.c.h; path = ParseAPIManager.h; sourceTree = "<group>"; };
		8E70894028778E90008B4238 /* ParseAPIManager.m */ = {isa = PBXFileReference; lastKnownFileType = sourcecode.c.objc; path = ParseAPIManager.m; sourceTree = "<group>"; };
		8E70894228779209008B4238 /* RegisterViewController.h */ = {isa = PBXFileReference; lastKnownFileType = sourcecode.c.h; path = RegisterViewController.h; sourceTree = "<group>"; };
		8E70894328779209008B4238 /* RegisterViewController.m */ = {isa = PBXFileReference; lastKnownFileType = sourcecode.c.objc; path = RegisterViewController.m; sourceTree = "<group>"; wrapsLines = 1; };
		8E7089452878DD81008B4238 /* HomeViewController.h */ = {isa = PBXFileReference; lastKnownFileType = sourcecode.c.h; path = HomeViewController.h; sourceTree = "<group>"; };
		8E7089462878DD81008B4238 /* HomeViewController.m */ = {isa = PBXFileReference; lastKnownFileType = sourcecode.c.objc; path = HomeViewController.m; sourceTree = "<group>"; };
		8E70894F2878EBFE008B4238 /* ProfileViewController.h */ = {isa = PBXFileReference; lastKnownFileType = sourcecode.c.h; path = ProfileViewController.h; sourceTree = "<group>"; };
		8E7089502878EBFE008B4238 /* ProfileViewController.m */ = {isa = PBXFileReference; lastKnownFileType = sourcecode.c.objc; path = ProfileViewController.m; sourceTree = "<group>"; };
		8E708952287CA6CC008B4238 /* SegmentedControlBlocksValues.h */ = {isa = PBXFileReference; lastKnownFileType = sourcecode.c.h; path = SegmentedControlBlocksValues.h; sourceTree = "<group>"; };
		8E708955287CDB69008B4238 /* CreateRoutineViewController.h */ = {isa = PBXFileReference; lastKnownFileType = sourcecode.c.h; path = CreateRoutineViewController.h; sourceTree = "<group>"; };
		8E708956287CDB69008B4238 /* CreateRoutineViewController.m */ = {isa = PBXFileReference; lastKnownFileType = sourcecode.c.objc; path = CreateRoutineViewController.m; sourceTree = "<group>"; };
		8E708958287CDB8C008B4238 /* AddExerciseViewController.h */ = {isa = PBXFileReference; lastKnownFileType = sourcecode.c.h; path = AddExerciseViewController.h; sourceTree = "<group>"; };
		8E708959287CDB8C008B4238 /* AddExerciseViewController.m */ = {isa = PBXFileReference; lastKnownFileType = sourcecode.c.objc; path = AddExerciseViewController.m; sourceTree = "<group>"; };
		8E70895B287CDBF4008B4238 /* CreateExerciseViewController.h */ = {isa = PBXFileReference; lastKnownFileType = sourcecode.c.h; path = CreateExerciseViewController.h; sourceTree = "<group>"; };
		8E70895C287CDBF4008B4238 /* CreateExerciseViewController.m */ = {isa = PBXFileReference; lastKnownFileType = sourcecode.c.objc; path = CreateExerciseViewController.m; sourceTree = "<group>"; };
		8E70895F287CEF40008B4238 /* BodyZone.h */ = {isa = PBXFileReference; lastKnownFileType = sourcecode.c.h; path = BodyZone.h; sourceTree = "<group>"; };
		8E708960287CEF40008B4238 /* BodyZone.m */ = {isa = PBXFileReference; lastKnownFileType = sourcecode.c.objc; path = BodyZone.m; sourceTree = "<group>"; };
		8E708962287CEF5A008B4238 /* Exercise.h */ = {isa = PBXFileReference; lastKnownFileType = sourcecode.c.h; path = Exercise.h; sourceTree = "<group>"; };
		8E708963287CEF5A008B4238 /* Exercise.m */ = {isa = PBXFileReference; lastKnownFileType = sourcecode.c.objc; path = Exercise.m; sourceTree = "<group>"; };
		8E832E96287F351300BF0024 /* BodyZoneCollectionViewCell.h */ = {isa = PBXFileReference; lastKnownFileType = sourcecode.c.h; path = BodyZoneCollectionViewCell.h; sourceTree = "<group>"; };
		8E832E97287F351300BF0024 /* BodyZoneCollectionViewCell.m */ = {isa = PBXFileReference; lastKnownFileType = sourcecode.c.objc; path = BodyZoneCollectionViewCell.m; sourceTree = "<group>"; };
		8E832E99287F4B9200BF0024 /* CommonValidations.h */ = {isa = PBXFileReference; lastKnownFileType = sourcecode.c.h; path = CommonValidations.h; sourceTree = "<group>"; };
		8E832E9A287F4B9200BF0024 /* CommonValidations.m */ = {isa = PBXFileReference; lastKnownFileType = sourcecode.c.objc; path = CommonValidations.m; sourceTree = "<group>"; };
		8E832E9C28809DF200BF0024 /* SavedExercise.h */ = {isa = PBXFileReference; lastKnownFileType = sourcecode.c.h; path = SavedExercise.h; sourceTree = "<group>"; };
		8E832E9D28809DF200BF0024 /* SavedExercise.m */ = {isa = PBXFileReference; lastKnownFileType = sourcecode.c.objc; path = SavedExercise.m; sourceTree = "<group>"; };
		8E832E9F2880B1D000BF0024 /* AddExerciseTableViewCell.h */ = {isa = PBXFileReference; lastKnownFileType = sourcecode.c.h; path = AddExerciseTableViewCell.h; sourceTree = "<group>"; };
		8E832EA02880B1D000BF0024 /* AddExerciseTableViewCell.m */ = {isa = PBXFileReference; lastKnownFileType = sourcecode.c.objc; path = AddExerciseTableViewCell.m; sourceTree = "<group>"; };
		8EF8226228820CCE0000DED9 /* AlertCreator.h */ = {isa = PBXFileReference; lastKnownFileType = sourcecode.c.h; path = AlertCreator.h; sourceTree = "<group>"; };
		8EF8226328820CCE0000DED9 /* AlertCreator.m */ = {isa = PBXFileReference; lastKnownFileType = sourcecode.c.objc; path = AlertCreator.m; sourceTree = "<group>"; };
		8EF822652885E5FF0000DED9 /* ExerciseInCreateRoutineTableViewCell.h */ = {isa = PBXFileReference; lastKnownFileType = sourcecode.c.h; path = ExerciseInCreateRoutineTableViewCell.h; sourceTree = "<group>"; };
		8EF822662885E5FF0000DED9 /* ExerciseInCreateRoutineTableViewCell.m */ = {isa = PBXFileReference; lastKnownFileType = sourcecode.c.objc; path = ExerciseInCreateRoutineTableViewCell.m; sourceTree = "<group>"; };
		981C81EFFE7710F342AC177A /* Pods_GymBuddies_GymBuddiesUITests.framework */ = {isa = PBXFileReference; explicitFileType = wrapper.framework; includeInIndex = 0; path = Pods_GymBuddies_GymBuddiesUITests.framework; sourceTree = BUILT_PRODUCTS_DIR; };
		9A78856D56610EA9C5B4F401 /* Pods-GymBuddiesTests.debug.xcconfig */ = {isa = PBXFileReference; includeInIndex = 1; lastKnownFileType = text.xcconfig; name = "Pods-GymBuddiesTests.debug.xcconfig"; path = "Target Support Files/Pods-GymBuddiesTests/Pods-GymBuddiesTests.debug.xcconfig"; sourceTree = "<group>"; };
/* End PBXFileReference section */

/* Begin PBXFrameworksBuildPhase section */
		8E7088F928775751008B4238 /* Frameworks */ = {
			isa = PBXFrameworksBuildPhase;
			buildActionMask = 2147483647;
			files = (
				5386A4E74F9A4613D5B1BC69 /* Pods_GymBuddies.framework in Frameworks */,
			);
			runOnlyForDeploymentPostprocessing = 0;
		};
		8E70891428775752008B4238 /* Frameworks */ = {
			isa = PBXFrameworksBuildPhase;
			buildActionMask = 2147483647;
			files = (
				F6FC2A8384B8A8A5B0EC6986 /* Pods_GymBuddiesTests.framework in Frameworks */,
			);
			runOnlyForDeploymentPostprocessing = 0;
		};
		8E70891E28775752008B4238 /* Frameworks */ = {
			isa = PBXFrameworksBuildPhase;
			buildActionMask = 2147483647;
			files = (
				DC9627D1E793C6AF8B7EB821 /* Pods_GymBuddies_GymBuddiesUITests.framework in Frameworks */,
			);
			runOnlyForDeploymentPostprocessing = 0;
		};
/* End PBXFrameworksBuildPhase section */

/* Begin PBXGroup section */
		1CD5181211A1B9E87E5159F1 /* Pods */ = {
			isa = PBXGroup;
			children = (
				601CC9BC3CF99C0875C26FC4 /* Pods-GymBuddies.debug.xcconfig */,
				39FBF3391F9298952B249F25 /* Pods-GymBuddies.release.xcconfig */,
				077FA676BDA1D8914BB0D3B9 /* Pods-GymBuddies-GymBuddiesUITests.debug.xcconfig */,
				4048F3D0A3D8ACDFBBCEC993 /* Pods-GymBuddies-GymBuddiesUITests.release.xcconfig */,
				9A78856D56610EA9C5B4F401 /* Pods-GymBuddiesTests.debug.xcconfig */,
				2BE863DFA398B4E913F1F806 /* Pods-GymBuddiesTests.release.xcconfig */,
			);
			path = Pods;
			sourceTree = "<group>";
		};
		8E7088F328775751008B4238 = {
			isa = PBXGroup;
			children = (
				8E7088FE28775751008B4238 /* GymBuddies */,
				8E70891A28775752008B4238 /* GymBuddiesTests */,
				8E70892428775752008B4238 /* GymBuddiesUITests */,
				8E7088FD28775751008B4238 /* Products */,
				1CD5181211A1B9E87E5159F1 /* Pods */,
				E499C126898E599EA521D5A1 /* Frameworks */,
			);
			sourceTree = "<group>";
		};
		8E7088FD28775751008B4238 /* Products */ = {
			isa = PBXGroup;
			children = (
				8E7088FC28775751008B4238 /* GymBuddies.app */,
				8E70891728775752008B4238 /* GymBuddiesTests.xctest */,
				8E70892128775752008B4238 /* GymBuddiesUITests.xctest */,
			);
			name = Products;
			sourceTree = "<group>";
		};
		8E7088FE28775751008B4238 /* GymBuddies */ = {
			isa = PBXGroup;
			children = (
				8E832E95287F34F000BF0024 /* ViewCells */,
				8E70895E287CEEC2008B4238 /* DataModels */,
				8E708953287CBECC008B4238 /* AppCommonResources */,
				8E70893E28778DE4008B4238 /* APIManagers */,
				8E70893A28777BD2008B4238 /* ViewControllers */,
				8E7088FF28775751008B4238 /* AppDelegate.h */,
				8E70890028775751008B4238 /* AppDelegate.m */,
				8E70890228775751008B4238 /* SceneDelegate.h */,
				8E70890328775751008B4238 /* SceneDelegate.m */,
				8E70890828775751008B4238 /* Main.storyboard */,
				8E70890B28775752008B4238 /* Assets.xcassets */,
				8E70890D28775752008B4238 /* LaunchScreen.storyboard */,
				8E70891028775752008B4238 /* Info.plist */,
				8E70891128775752008B4238 /* main.m */,
				8E70893428775C3B008B4238 /* Keys.plist */,
			);
			path = GymBuddies;
			sourceTree = "<group>";
		};
		8E70891A28775752008B4238 /* GymBuddiesTests */ = {
			isa = PBXGroup;
			children = (
				8E70891B28775752008B4238 /* GymBuddiesTests.m */,
			);
			path = GymBuddiesTests;
			sourceTree = "<group>";
		};
		8E70892428775752008B4238 /* GymBuddiesUITests */ = {
			isa = PBXGroup;
			children = (
				8E70892528775752008B4238 /* GymBuddiesUITests.m */,
				8E70892728775752008B4238 /* GymBuddiesUITestsLaunchTests.m */,
			);
			path = GymBuddiesUITests;
			sourceTree = "<group>";
		};
		8E70893A28777BD2008B4238 /* ViewControllers */ = {
			isa = PBXGroup;
			children = (
				8E70893B28777BF4008B4238 /* LoginViewController.h */,
				8E70893C28777BF4008B4238 /* LoginViewController.m */,
				8E70894228779209008B4238 /* RegisterViewController.h */,
				8E70894328779209008B4238 /* RegisterViewController.m */,
				8E7089452878DD81008B4238 /* HomeViewController.h */,
				8E7089462878DD81008B4238 /* HomeViewController.m */,
				8E70894F2878EBFE008B4238 /* ProfileViewController.h */,
				8E7089502878EBFE008B4238 /* ProfileViewController.m */,
				8E708955287CDB69008B4238 /* CreateRoutineViewController.h */,
				8E708956287CDB69008B4238 /* CreateRoutineViewController.m */,
				8E708958287CDB8C008B4238 /* AddExerciseViewController.h */,
				8E708959287CDB8C008B4238 /* AddExerciseViewController.m */,
				8E70895B287CDBF4008B4238 /* CreateExerciseViewController.h */,
				8E70895C287CDBF4008B4238 /* CreateExerciseViewController.m */,
			);
			path = ViewControllers;
			sourceTree = "<group>";
		};
		8E70893E28778DE4008B4238 /* APIManagers */ = {
			isa = PBXGroup;
			children = (
				8E70893F28778E90008B4238 /* ParseAPIManager.h */,
				8E70894028778E90008B4238 /* ParseAPIManager.m */,
			);
			path = APIManagers;
			sourceTree = "<group>";
		};
		8E708953287CBECC008B4238 /* AppCommonResources */ = {
			isa = PBXGroup;
			children = (
				8E708952287CA6CC008B4238 /* SegmentedControlBlocksValues.h */,
				8E832E99287F4B9200BF0024 /* CommonValidations.h */,
				8E832E9A287F4B9200BF0024 /* CommonValidations.m */,
				8EF8226228820CCE0000DED9 /* AlertCreator.h */,
				8EF8226328820CCE0000DED9 /* AlertCreator.m */,
			);
			path = AppCommonResources;
			sourceTree = "<group>";
		};
		8E70895E287CEEC2008B4238 /* DataModels */ = {
			isa = PBXGroup;
			children = (
				8E70895F287CEF40008B4238 /* BodyZone.h */,
				8E708960287CEF40008B4238 /* BodyZone.m */,
				8E708962287CEF5A008B4238 /* Exercise.h */,
				8E708963287CEF5A008B4238 /* Exercise.m */,
				8E832E9C28809DF200BF0024 /* SavedExercise.h */,
				8E832E9D28809DF200BF0024 /* SavedExercise.m */,
			);
			path = DataModels;
			sourceTree = "<group>";
		};
		8E832E95287F34F000BF0024 /* ViewCells */ = {
			isa = PBXGroup;
			children = (
				8E832E96287F351300BF0024 /* BodyZoneCollectionViewCell.h */,
				8E832E97287F351300BF0024 /* BodyZoneCollectionViewCell.m */,
				8E832E9F2880B1D000BF0024 /* AddExerciseTableViewCell.h */,
				8E832EA02880B1D000BF0024 /* AddExerciseTableViewCell.m */,
				8EF822652885E5FF0000DED9 /* ExerciseInCreateRoutineTableViewCell.h */,
				8EF822662885E5FF0000DED9 /* ExerciseInCreateRoutineTableViewCell.m */,
			);
			path = ViewCells;
			sourceTree = "<group>";
		};
		E499C126898E599EA521D5A1 /* Frameworks */ = {
			isa = PBXGroup;
			children = (
				81A552040E1859E2C0F57C5F /* Pods_GymBuddies.framework */,
				981C81EFFE7710F342AC177A /* Pods_GymBuddies_GymBuddiesUITests.framework */,
				5AF314264FFF381257F8E7EB /* Pods_GymBuddiesTests.framework */,
			);
			name = Frameworks;
			sourceTree = "<group>";
		};
/* End PBXGroup section */

/* Begin PBXNativeTarget section */
		8E7088FB28775751008B4238 /* GymBuddies */ = {
			isa = PBXNativeTarget;
			buildConfigurationList = 8E70892B28775752008B4238 /* Build configuration list for PBXNativeTarget "GymBuddies" */;
			buildPhases = (
				DA7B654D03CF6FBAC8F4A5FD /* [CP] Check Pods Manifest.lock */,
				8E7088F828775751008B4238 /* Sources */,
				8E7088F928775751008B4238 /* Frameworks */,
				8E7088FA28775751008B4238 /* Resources */,
				1EB55B2B3C6DA7204970C5E8 /* [CP] Embed Pods Frameworks */,
			);
			buildRules = (
			);
			dependencies = (
			);
			name = GymBuddies;
			productName = GymBuddies;
			productReference = 8E7088FC28775751008B4238 /* GymBuddies.app */;
			productType = "com.apple.product-type.application";
		};
		8E70891628775752008B4238 /* GymBuddiesTests */ = {
			isa = PBXNativeTarget;
			buildConfigurationList = 8E70892E28775752008B4238 /* Build configuration list for PBXNativeTarget "GymBuddiesTests" */;
			buildPhases = (
				CBCFEB249CCEE1BD6C3481BD /* [CP] Check Pods Manifest.lock */,
				8E70891328775752008B4238 /* Sources */,
				8E70891428775752008B4238 /* Frameworks */,
				8E70891528775752008B4238 /* Resources */,
			);
			buildRules = (
			);
			dependencies = (
				8E70891928775752008B4238 /* PBXTargetDependency */,
			);
			name = GymBuddiesTests;
			productName = GymBuddiesTests;
			productReference = 8E70891728775752008B4238 /* GymBuddiesTests.xctest */;
			productType = "com.apple.product-type.bundle.unit-test";
		};
		8E70892028775752008B4238 /* GymBuddiesUITests */ = {
			isa = PBXNativeTarget;
			buildConfigurationList = 8E70893128775752008B4238 /* Build configuration list for PBXNativeTarget "GymBuddiesUITests" */;
			buildPhases = (
				B59300ECE281C12B8FCC0C44 /* [CP] Check Pods Manifest.lock */,
				8E70891D28775752008B4238 /* Sources */,
				8E70891E28775752008B4238 /* Frameworks */,
				8E70891F28775752008B4238 /* Resources */,
				3DAB65179CF380079AFC104B /* [CP] Embed Pods Frameworks */,
			);
			buildRules = (
			);
			dependencies = (
				8E70892328775752008B4238 /* PBXTargetDependency */,
			);
			name = GymBuddiesUITests;
			productName = GymBuddiesUITests;
			productReference = 8E70892128775752008B4238 /* GymBuddiesUITests.xctest */;
			productType = "com.apple.product-type.bundle.ui-testing";
		};
/* End PBXNativeTarget section */

/* Begin PBXProject section */
		8E7088F428775751008B4238 /* Project object */ = {
			isa = PBXProject;
			attributes = {
				BuildIndependentTargetsInParallel = 1;
				LastUpgradeCheck = 1340;
				TargetAttributes = {
					8E7088FB28775751008B4238 = {
						CreatedOnToolsVersion = 13.4;
					};
					8E70891628775752008B4238 = {
						CreatedOnToolsVersion = 13.4;
						TestTargetID = 8E7088FB28775751008B4238;
					};
					8E70892028775752008B4238 = {
						CreatedOnToolsVersion = 13.4;
						TestTargetID = 8E7088FB28775751008B4238;
					};
				};
			};
			buildConfigurationList = 8E7088F728775751008B4238 /* Build configuration list for PBXProject "GymBuddies" */;
			compatibilityVersion = "Xcode 13.0";
			developmentRegion = en;
			hasScannedForEncodings = 0;
			knownRegions = (
				en,
				Base,
			);
			mainGroup = 8E7088F328775751008B4238;
			productRefGroup = 8E7088FD28775751008B4238 /* Products */;
			projectDirPath = "";
			projectRoot = "";
			targets = (
				8E7088FB28775751008B4238 /* GymBuddies */,
				8E70891628775752008B4238 /* GymBuddiesTests */,
				8E70892028775752008B4238 /* GymBuddiesUITests */,
			);
		};
/* End PBXProject section */

/* Begin PBXResourcesBuildPhase section */
		8E7088FA28775751008B4238 /* Resources */ = {
			isa = PBXResourcesBuildPhase;
			buildActionMask = 2147483647;
			files = (
				8E70893528775C3B008B4238 /* Keys.plist in Resources */,
				8E70890F28775752008B4238 /* LaunchScreen.storyboard in Resources */,
				8E70890C28775752008B4238 /* Assets.xcassets in Resources */,
				8E70890A28775751008B4238 /* Main.storyboard in Resources */,
			);
			runOnlyForDeploymentPostprocessing = 0;
		};
		8E70891528775752008B4238 /* Resources */ = {
			isa = PBXResourcesBuildPhase;
			buildActionMask = 2147483647;
			files = (
			);
			runOnlyForDeploymentPostprocessing = 0;
		};
		8E70891F28775752008B4238 /* Resources */ = {
			isa = PBXResourcesBuildPhase;
			buildActionMask = 2147483647;
			files = (
			);
			runOnlyForDeploymentPostprocessing = 0;
		};
/* End PBXResourcesBuildPhase section */

/* Begin PBXShellScriptBuildPhase section */
		1EB55B2B3C6DA7204970C5E8 /* [CP] Embed Pods Frameworks */ = {
			isa = PBXShellScriptBuildPhase;
			buildActionMask = 2147483647;
			files = (
			);
			inputFileListPaths = (
				"${PODS_ROOT}/Target Support Files/Pods-GymBuddies/Pods-GymBuddies-frameworks-${CONFIGURATION}-input-files.xcfilelist",
			);
			name = "[CP] Embed Pods Frameworks";
			outputFileListPaths = (
				"${PODS_ROOT}/Target Support Files/Pods-GymBuddies/Pods-GymBuddies-frameworks-${CONFIGURATION}-output-files.xcfilelist",
			);
			runOnlyForDeploymentPostprocessing = 0;
			shellPath = /bin/sh;
			shellScript = "\"${PODS_ROOT}/Target Support Files/Pods-GymBuddies/Pods-GymBuddies-frameworks.sh\"\n";
			showEnvVarsInLog = 0;
		};
		3DAB65179CF380079AFC104B /* [CP] Embed Pods Frameworks */ = {
			isa = PBXShellScriptBuildPhase;
			buildActionMask = 2147483647;
			files = (
			);
			inputFileListPaths = (
				"${PODS_ROOT}/Target Support Files/Pods-GymBuddies-GymBuddiesUITests/Pods-GymBuddies-GymBuddiesUITests-frameworks-${CONFIGURATION}-input-files.xcfilelist",
			);
			name = "[CP] Embed Pods Frameworks";
			outputFileListPaths = (
				"${PODS_ROOT}/Target Support Files/Pods-GymBuddies-GymBuddiesUITests/Pods-GymBuddies-GymBuddiesUITests-frameworks-${CONFIGURATION}-output-files.xcfilelist",
			);
			runOnlyForDeploymentPostprocessing = 0;
			shellPath = /bin/sh;
			shellScript = "\"${PODS_ROOT}/Target Support Files/Pods-GymBuddies-GymBuddiesUITests/Pods-GymBuddies-GymBuddiesUITests-frameworks.sh\"\n";
			showEnvVarsInLog = 0;
		};
		B59300ECE281C12B8FCC0C44 /* [CP] Check Pods Manifest.lock */ = {
			isa = PBXShellScriptBuildPhase;
			buildActionMask = 2147483647;
			files = (
			);
			inputFileListPaths = (
			);
			inputPaths = (
				"${PODS_PODFILE_DIR_PATH}/Podfile.lock",
				"${PODS_ROOT}/Manifest.lock",
			);
			name = "[CP] Check Pods Manifest.lock";
			outputFileListPaths = (
			);
			outputPaths = (
				"$(DERIVED_FILE_DIR)/Pods-GymBuddies-GymBuddiesUITests-checkManifestLockResult.txt",
			);
			runOnlyForDeploymentPostprocessing = 0;
			shellPath = /bin/sh;
			shellScript = "diff \"${PODS_PODFILE_DIR_PATH}/Podfile.lock\" \"${PODS_ROOT}/Manifest.lock\" > /dev/null\nif [ $? != 0 ] ; then\n    # print error to STDERR\n    echo \"error: The sandbox is not in sync with the Podfile.lock. Run 'pod install' or update your CocoaPods installation.\" >&2\n    exit 1\nfi\n# This output is used by Xcode 'outputs' to avoid re-running this script phase.\necho \"SUCCESS\" > \"${SCRIPT_OUTPUT_FILE_0}\"\n";
			showEnvVarsInLog = 0;
		};
		CBCFEB249CCEE1BD6C3481BD /* [CP] Check Pods Manifest.lock */ = {
			isa = PBXShellScriptBuildPhase;
			buildActionMask = 2147483647;
			files = (
			);
			inputFileListPaths = (
			);
			inputPaths = (
				"${PODS_PODFILE_DIR_PATH}/Podfile.lock",
				"${PODS_ROOT}/Manifest.lock",
			);
			name = "[CP] Check Pods Manifest.lock";
			outputFileListPaths = (
			);
			outputPaths = (
				"$(DERIVED_FILE_DIR)/Pods-GymBuddiesTests-checkManifestLockResult.txt",
			);
			runOnlyForDeploymentPostprocessing = 0;
			shellPath = /bin/sh;
			shellScript = "diff \"${PODS_PODFILE_DIR_PATH}/Podfile.lock\" \"${PODS_ROOT}/Manifest.lock\" > /dev/null\nif [ $? != 0 ] ; then\n    # print error to STDERR\n    echo \"error: The sandbox is not in sync with the Podfile.lock. Run 'pod install' or update your CocoaPods installation.\" >&2\n    exit 1\nfi\n# This output is used by Xcode 'outputs' to avoid re-running this script phase.\necho \"SUCCESS\" > \"${SCRIPT_OUTPUT_FILE_0}\"\n";
			showEnvVarsInLog = 0;
		};
		DA7B654D03CF6FBAC8F4A5FD /* [CP] Check Pods Manifest.lock */ = {
			isa = PBXShellScriptBuildPhase;
			buildActionMask = 2147483647;
			files = (
			);
			inputFileListPaths = (
			);
			inputPaths = (
				"${PODS_PODFILE_DIR_PATH}/Podfile.lock",
				"${PODS_ROOT}/Manifest.lock",
			);
			name = "[CP] Check Pods Manifest.lock";
			outputFileListPaths = (
			);
			outputPaths = (
				"$(DERIVED_FILE_DIR)/Pods-GymBuddies-checkManifestLockResult.txt",
			);
			runOnlyForDeploymentPostprocessing = 0;
			shellPath = /bin/sh;
			shellScript = "diff \"${PODS_PODFILE_DIR_PATH}/Podfile.lock\" \"${PODS_ROOT}/Manifest.lock\" > /dev/null\nif [ $? != 0 ] ; then\n    # print error to STDERR\n    echo \"error: The sandbox is not in sync with the Podfile.lock. Run 'pod install' or update your CocoaPods installation.\" >&2\n    exit 1\nfi\n# This output is used by Xcode 'outputs' to avoid re-running this script phase.\necho \"SUCCESS\" > \"${SCRIPT_OUTPUT_FILE_0}\"\n";
			showEnvVarsInLog = 0;
		};
/* End PBXShellScriptBuildPhase section */

/* Begin PBXSourcesBuildPhase section */
		8E7088F828775751008B4238 /* Sources */ = {
			isa = PBXSourcesBuildPhase;
			buildActionMask = 2147483647;
			files = (
				8E832E98287F351300BF0024 /* BodyZoneCollectionViewCell.m in Sources */,
				8EF8226428820CCE0000DED9 /* AlertCreator.m in Sources */,
				8E70893D28777BF4008B4238 /* LoginViewController.m in Sources */,
				8E70894428779209008B4238 /* RegisterViewController.m in Sources */,
				8E7089512878EBFE008B4238 /* ProfileViewController.m in Sources */,
				8E708961287CEF40008B4238 /* BodyZone.m in Sources */,
				8E832E9E28809DF200BF0024 /* SavedExercise.m in Sources */,
				8E708964287CEF5A008B4238 /* Exercise.m in Sources */,
				8E70890128775751008B4238 /* AppDelegate.m in Sources */,
				8E70895D287CDBF4008B4238 /* CreateExerciseViewController.m in Sources */,
				8E70895A287CDB8C008B4238 /* AddExerciseViewController.m in Sources */,
				8EF822672885E5FF0000DED9 /* ExerciseInCreateRoutineTableViewCell.m in Sources */,
				8E70891228775752008B4238 /* main.m in Sources */,
				8E708957287CDB69008B4238 /* CreateRoutineViewController.m in Sources */,
				8E70890428775751008B4238 /* SceneDelegate.m in Sources */,
				8E7089472878DD81008B4238 /* HomeViewController.m in Sources */,
				8E832E9B287F4B9200BF0024 /* CommonValidations.m in Sources */,
				8E832EA12880B1D000BF0024 /* AddExerciseTableViewCell.m in Sources */,
				8E70894128778E90008B4238 /* ParseAPIManager.m in Sources */,
			);
			runOnlyForDeploymentPostprocessing = 0;
		};
		8E70891328775752008B4238 /* Sources */ = {
			isa = PBXSourcesBuildPhase;
			buildActionMask = 2147483647;
			files = (
				8E70891C28775752008B4238 /* GymBuddiesTests.m in Sources */,
			);
			runOnlyForDeploymentPostprocessing = 0;
		};
		8E70891D28775752008B4238 /* Sources */ = {
			isa = PBXSourcesBuildPhase;
			buildActionMask = 2147483647;
			files = (
				8E70892628775752008B4238 /* GymBuddiesUITests.m in Sources */,
				8E70892828775752008B4238 /* GymBuddiesUITestsLaunchTests.m in Sources */,
			);
			runOnlyForDeploymentPostprocessing = 0;
		};
/* End PBXSourcesBuildPhase section */

/* Begin PBXTargetDependency section */
		8E70891928775752008B4238 /* PBXTargetDependency */ = {
			isa = PBXTargetDependency;
			target = 8E7088FB28775751008B4238 /* GymBuddies */;
			targetProxy = 8E70891828775752008B4238 /* PBXContainerItemProxy */;
		};
		8E70892328775752008B4238 /* PBXTargetDependency */ = {
			isa = PBXTargetDependency;
			target = 8E7088FB28775751008B4238 /* GymBuddies */;
			targetProxy = 8E70892228775752008B4238 /* PBXContainerItemProxy */;
		};
/* End PBXTargetDependency section */

/* Begin PBXVariantGroup section */
		8E70890828775751008B4238 /* Main.storyboard */ = {
			isa = PBXVariantGroup;
			children = (
				8E70890928775751008B4238 /* Base */,
			);
			name = Main.storyboard;
			sourceTree = "<group>";
		};
		8E70890D28775752008B4238 /* LaunchScreen.storyboard */ = {
			isa = PBXVariantGroup;
			children = (
				8E70890E28775752008B4238 /* Base */,
			);
			name = LaunchScreen.storyboard;
			sourceTree = "<group>";
		};
/* End PBXVariantGroup section */

/* Begin XCBuildConfiguration section */
		8E70892928775752008B4238 /* Debug */ = {
			isa = XCBuildConfiguration;
			buildSettings = {
				ALWAYS_SEARCH_USER_PATHS = NO;
				CLANG_ANALYZER_NONNULL = YES;
				CLANG_ANALYZER_NUMBER_OBJECT_CONVERSION = YES_AGGRESSIVE;
				CLANG_CXX_LANGUAGE_STANDARD = "gnu++17";
				CLANG_ENABLE_MODULES = YES;
				CLANG_ENABLE_OBJC_ARC = YES;
				CLANG_ENABLE_OBJC_WEAK = YES;
				CLANG_WARN_BLOCK_CAPTURE_AUTORELEASING = YES;
				CLANG_WARN_BOOL_CONVERSION = YES;
				CLANG_WARN_COMMA = YES;
				CLANG_WARN_CONSTANT_CONVERSION = YES;
				CLANG_WARN_DEPRECATED_OBJC_IMPLEMENTATIONS = YES;
				CLANG_WARN_DIRECT_OBJC_ISA_USAGE = YES_ERROR;
				CLANG_WARN_DOCUMENTATION_COMMENTS = YES;
				CLANG_WARN_EMPTY_BODY = YES;
				CLANG_WARN_ENUM_CONVERSION = YES;
				CLANG_WARN_INFINITE_RECURSION = YES;
				CLANG_WARN_INT_CONVERSION = YES;
				CLANG_WARN_NON_LITERAL_NULL_CONVERSION = YES;
				CLANG_WARN_OBJC_IMPLICIT_RETAIN_SELF = YES;
				CLANG_WARN_OBJC_LITERAL_CONVERSION = YES;
				CLANG_WARN_OBJC_ROOT_CLASS = YES_ERROR;
				CLANG_WARN_QUOTED_INCLUDE_IN_FRAMEWORK_HEADER = YES;
				CLANG_WARN_RANGE_LOOP_ANALYSIS = YES;
				CLANG_WARN_STRICT_PROTOTYPES = YES;
				CLANG_WARN_SUSPICIOUS_MOVE = YES;
				CLANG_WARN_UNGUARDED_AVAILABILITY = YES_AGGRESSIVE;
				CLANG_WARN_UNREACHABLE_CODE = YES;
				CLANG_WARN__DUPLICATE_METHOD_MATCH = YES;
				COPY_PHASE_STRIP = NO;
				DEBUG_INFORMATION_FORMAT = dwarf;
				ENABLE_STRICT_OBJC_MSGSEND = YES;
				ENABLE_TESTABILITY = YES;
				GCC_C_LANGUAGE_STANDARD = gnu11;
				GCC_DYNAMIC_NO_PIC = NO;
				GCC_NO_COMMON_BLOCKS = YES;
				GCC_OPTIMIZATION_LEVEL = 0;
				GCC_PREPROCESSOR_DEFINITIONS = (
					"DEBUG=1",
					"$(inherited)",
				);
				GCC_WARN_64_TO_32_BIT_CONVERSION = YES;
				GCC_WARN_ABOUT_RETURN_TYPE = YES_ERROR;
				GCC_WARN_UNDECLARED_SELECTOR = YES;
				GCC_WARN_UNINITIALIZED_AUTOS = YES_AGGRESSIVE;
				GCC_WARN_UNUSED_FUNCTION = YES;
				GCC_WARN_UNUSED_VARIABLE = YES;
				IPHONEOS_DEPLOYMENT_TARGET = 15.5;
				MTL_ENABLE_DEBUG_INFO = INCLUDE_SOURCE;
				MTL_FAST_MATH = YES;
				ONLY_ACTIVE_ARCH = YES;
				SDKROOT = iphoneos;
			};
			name = Debug;
		};
		8E70892A28775752008B4238 /* Release */ = {
			isa = XCBuildConfiguration;
			buildSettings = {
				ALWAYS_SEARCH_USER_PATHS = NO;
				CLANG_ANALYZER_NONNULL = YES;
				CLANG_ANALYZER_NUMBER_OBJECT_CONVERSION = YES_AGGRESSIVE;
				CLANG_CXX_LANGUAGE_STANDARD = "gnu++17";
				CLANG_ENABLE_MODULES = YES;
				CLANG_ENABLE_OBJC_ARC = YES;
				CLANG_ENABLE_OBJC_WEAK = YES;
				CLANG_WARN_BLOCK_CAPTURE_AUTORELEASING = YES;
				CLANG_WARN_BOOL_CONVERSION = YES;
				CLANG_WARN_COMMA = YES;
				CLANG_WARN_CONSTANT_CONVERSION = YES;
				CLANG_WARN_DEPRECATED_OBJC_IMPLEMENTATIONS = YES;
				CLANG_WARN_DIRECT_OBJC_ISA_USAGE = YES_ERROR;
				CLANG_WARN_DOCUMENTATION_COMMENTS = YES;
				CLANG_WARN_EMPTY_BODY = YES;
				CLANG_WARN_ENUM_CONVERSION = YES;
				CLANG_WARN_INFINITE_RECURSION = YES;
				CLANG_WARN_INT_CONVERSION = YES;
				CLANG_WARN_NON_LITERAL_NULL_CONVERSION = YES;
				CLANG_WARN_OBJC_IMPLICIT_RETAIN_SELF = YES;
				CLANG_WARN_OBJC_LITERAL_CONVERSION = YES;
				CLANG_WARN_OBJC_ROOT_CLASS = YES_ERROR;
				CLANG_WARN_QUOTED_INCLUDE_IN_FRAMEWORK_HEADER = YES;
				CLANG_WARN_RANGE_LOOP_ANALYSIS = YES;
				CLANG_WARN_STRICT_PROTOTYPES = YES;
				CLANG_WARN_SUSPICIOUS_MOVE = YES;
				CLANG_WARN_UNGUARDED_AVAILABILITY = YES_AGGRESSIVE;
				CLANG_WARN_UNREACHABLE_CODE = YES;
				CLANG_WARN__DUPLICATE_METHOD_MATCH = YES;
				COPY_PHASE_STRIP = NO;
				DEBUG_INFORMATION_FORMAT = "dwarf-with-dsym";
				ENABLE_NS_ASSERTIONS = NO;
				ENABLE_STRICT_OBJC_MSGSEND = YES;
				GCC_C_LANGUAGE_STANDARD = gnu11;
				GCC_NO_COMMON_BLOCKS = YES;
				GCC_WARN_64_TO_32_BIT_CONVERSION = YES;
				GCC_WARN_ABOUT_RETURN_TYPE = YES_ERROR;
				GCC_WARN_UNDECLARED_SELECTOR = YES;
				GCC_WARN_UNINITIALIZED_AUTOS = YES_AGGRESSIVE;
				GCC_WARN_UNUSED_FUNCTION = YES;
				GCC_WARN_UNUSED_VARIABLE = YES;
				IPHONEOS_DEPLOYMENT_TARGET = 15.5;
				MTL_ENABLE_DEBUG_INFO = NO;
				MTL_FAST_MATH = YES;
				SDKROOT = iphoneos;
				VALIDATE_PRODUCT = YES;
			};
			name = Release;
		};
		8E70892C28775752008B4238 /* Debug */ = {
			isa = XCBuildConfiguration;
			baseConfigurationReference = 601CC9BC3CF99C0875C26FC4 /* Pods-GymBuddies.debug.xcconfig */;
			buildSettings = {
				ASSETCATALOG_COMPILER_APPICON_NAME = AppIcon;
				ASSETCATALOG_COMPILER_GLOBAL_ACCENT_COLOR_NAME = AccentColor;
				CODE_SIGN_STYLE = Automatic;
				CURRENT_PROJECT_VERSION = 1;
				DEVELOPMENT_TEAM = WZZPSA36LP;
				GENERATE_INFOPLIST_FILE = YES;
				INFOPLIST_FILE = GymBuddies/Info.plist;
				INFOPLIST_KEY_NSCameraUsageDescription = "Need camera access to take video";
				INFOPLIST_KEY_NSPhotoLibraryUsageDescription = "Need library access to upload images";
				INFOPLIST_KEY_UIApplicationSupportsIndirectInputEvents = YES;
				INFOPLIST_KEY_UILaunchStoryboardName = LaunchScreen;
				INFOPLIST_KEY_UIMainStoryboardFile = Main;
				INFOPLIST_KEY_UISupportedInterfaceOrientations_iPad = "UIInterfaceOrientationPortrait UIInterfaceOrientationPortraitUpsideDown UIInterfaceOrientationLandscapeLeft UIInterfaceOrientationLandscapeRight";
				INFOPLIST_KEY_UISupportedInterfaceOrientations_iPhone = "UIInterfaceOrientationPortrait UIInterfaceOrientationLandscapeLeft UIInterfaceOrientationLandscapeRight";
				LD_RUNPATH_SEARCH_PATHS = (
					"$(inherited)",
					"@executable_path/Frameworks",
				);
				MARKETING_VERSION = 1.0;
				PRODUCT_BUNDLE_IDENTIFIER = com.codepath.GymBuddies;
				PRODUCT_NAME = "$(TARGET_NAME)";
				SWIFT_EMIT_LOC_STRINGS = YES;
				TARGETED_DEVICE_FAMILY = "1,2";
			};
			name = Debug;
		};
		8E70892D28775752008B4238 /* Release */ = {
			isa = XCBuildConfiguration;
			baseConfigurationReference = 39FBF3391F9298952B249F25 /* Pods-GymBuddies.release.xcconfig */;
			buildSettings = {
				ASSETCATALOG_COMPILER_APPICON_NAME = AppIcon;
				ASSETCATALOG_COMPILER_GLOBAL_ACCENT_COLOR_NAME = AccentColor;
				CODE_SIGN_STYLE = Automatic;
				CURRENT_PROJECT_VERSION = 1;
				DEVELOPMENT_TEAM = WZZPSA36LP;
				GENERATE_INFOPLIST_FILE = YES;
				INFOPLIST_FILE = GymBuddies/Info.plist;
				INFOPLIST_KEY_NSCameraUsageDescription = "Need camera access to take video";
				INFOPLIST_KEY_NSPhotoLibraryUsageDescription = "Need library access to upload images";
				INFOPLIST_KEY_UIApplicationSupportsIndirectInputEvents = YES;
				INFOPLIST_KEY_UILaunchStoryboardName = LaunchScreen;
				INFOPLIST_KEY_UIMainStoryboardFile = Main;
				INFOPLIST_KEY_UISupportedInterfaceOrientations_iPad = "UIInterfaceOrientationPortrait UIInterfaceOrientationPortraitUpsideDown UIInterfaceOrientationLandscapeLeft UIInterfaceOrientationLandscapeRight";
				INFOPLIST_KEY_UISupportedInterfaceOrientations_iPhone = "UIInterfaceOrientationPortrait UIInterfaceOrientationLandscapeLeft UIInterfaceOrientationLandscapeRight";
				LD_RUNPATH_SEARCH_PATHS = (
					"$(inherited)",
					"@executable_path/Frameworks",
				);
				MARKETING_VERSION = 1.0;
				PRODUCT_BUNDLE_IDENTIFIER = com.codepath.GymBuddies;
				PRODUCT_NAME = "$(TARGET_NAME)";
				SWIFT_EMIT_LOC_STRINGS = YES;
				TARGETED_DEVICE_FAMILY = "1,2";
			};
			name = Release;
		};
		8E70892F28775752008B4238 /* Debug */ = {
			isa = XCBuildConfiguration;
			baseConfigurationReference = 9A78856D56610EA9C5B4F401 /* Pods-GymBuddiesTests.debug.xcconfig */;
			buildSettings = {
				BUNDLE_LOADER = "$(TEST_HOST)";
				CODE_SIGN_STYLE = Automatic;
				CURRENT_PROJECT_VERSION = 1;
				DEVELOPMENT_TEAM = WZZPSA36LP;
				GENERATE_INFOPLIST_FILE = YES;
				IPHONEOS_DEPLOYMENT_TARGET = 15.5;
				MARKETING_VERSION = 1.0;
				PRODUCT_BUNDLE_IDENTIFIER = com.codepath.GymBuddiesTests;
				PRODUCT_NAME = "$(TARGET_NAME)";
				SWIFT_EMIT_LOC_STRINGS = NO;
				TARGETED_DEVICE_FAMILY = "1,2";
				TEST_HOST = "$(BUILT_PRODUCTS_DIR)/GymBuddies.app/GymBuddies";
			};
			name = Debug;
		};
		8E70893028775752008B4238 /* Release */ = {
			isa = XCBuildConfiguration;
			baseConfigurationReference = 2BE863DFA398B4E913F1F806 /* Pods-GymBuddiesTests.release.xcconfig */;
			buildSettings = {
				BUNDLE_LOADER = "$(TEST_HOST)";
				CODE_SIGN_STYLE = Automatic;
				CURRENT_PROJECT_VERSION = 1;
				DEVELOPMENT_TEAM = WZZPSA36LP;
				GENERATE_INFOPLIST_FILE = YES;
				IPHONEOS_DEPLOYMENT_TARGET = 15.5;
				MARKETING_VERSION = 1.0;
				PRODUCT_BUNDLE_IDENTIFIER = com.codepath.GymBuddiesTests;
				PRODUCT_NAME = "$(TARGET_NAME)";
				SWIFT_EMIT_LOC_STRINGS = NO;
				TARGETED_DEVICE_FAMILY = "1,2";
				TEST_HOST = "$(BUILT_PRODUCTS_DIR)/GymBuddies.app/GymBuddies";
			};
			name = Release;
		};
		8E70893228775752008B4238 /* Debug */ = {
			isa = XCBuildConfiguration;
			baseConfigurationReference = 077FA676BDA1D8914BB0D3B9 /* Pods-GymBuddies-GymBuddiesUITests.debug.xcconfig */;
			buildSettings = {
				CODE_SIGN_STYLE = Automatic;
				CURRENT_PROJECT_VERSION = 1;
				DEVELOPMENT_TEAM = WZZPSA36LP;
				GENERATE_INFOPLIST_FILE = YES;
				MARKETING_VERSION = 1.0;
				PRODUCT_BUNDLE_IDENTIFIER = com.codepath.GymBuddiesUITests;
				PRODUCT_NAME = "$(TARGET_NAME)";
				SWIFT_EMIT_LOC_STRINGS = NO;
				TARGETED_DEVICE_FAMILY = "1,2";
				TEST_TARGET_NAME = GymBuddies;
			};
			name = Debug;
		};
		8E70893328775752008B4238 /* Release */ = {
			isa = XCBuildConfiguration;
			baseConfigurationReference = 4048F3D0A3D8ACDFBBCEC993 /* Pods-GymBuddies-GymBuddiesUITests.release.xcconfig */;
			buildSettings = {
				CODE_SIGN_STYLE = Automatic;
				CURRENT_PROJECT_VERSION = 1;
				DEVELOPMENT_TEAM = WZZPSA36LP;
				GENERATE_INFOPLIST_FILE = YES;
				MARKETING_VERSION = 1.0;
				PRODUCT_BUNDLE_IDENTIFIER = com.codepath.GymBuddiesUITests;
				PRODUCT_NAME = "$(TARGET_NAME)";
				SWIFT_EMIT_LOC_STRINGS = NO;
				TARGETED_DEVICE_FAMILY = "1,2";
				TEST_TARGET_NAME = GymBuddies;
			};
			name = Release;
		};
/* End XCBuildConfiguration section */

/* Begin XCConfigurationList section */
		8E7088F728775751008B4238 /* Build configuration list for PBXProject "GymBuddies" */ = {
			isa = XCConfigurationList;
			buildConfigurations = (
				8E70892928775752008B4238 /* Debug */,
				8E70892A28775752008B4238 /* Release */,
			);
			defaultConfigurationIsVisible = 0;
			defaultConfigurationName = Release;
		};
		8E70892B28775752008B4238 /* Build configuration list for PBXNativeTarget "GymBuddies" */ = {
			isa = XCConfigurationList;
			buildConfigurations = (
				8E70892C28775752008B4238 /* Debug */,
				8E70892D28775752008B4238 /* Release */,
			);
			defaultConfigurationIsVisible = 0;
			defaultConfigurationName = Release;
		};
		8E70892E28775752008B4238 /* Build configuration list for PBXNativeTarget "GymBuddiesTests" */ = {
			isa = XCConfigurationList;
			buildConfigurations = (
				8E70892F28775752008B4238 /* Debug */,
				8E70893028775752008B4238 /* Release */,
			);
			defaultConfigurationIsVisible = 0;
			defaultConfigurationName = Release;
		};
		8E70893128775752008B4238 /* Build configuration list for PBXNativeTarget "GymBuddiesUITests" */ = {
			isa = XCConfigurationList;
			buildConfigurations = (
				8E70893228775752008B4238 /* Debug */,
				8E70893328775752008B4238 /* Release */,
			);
			defaultConfigurationIsVisible = 0;
			defaultConfigurationName = Release;
		};
/* End XCConfigurationList section */
	};
	rootObject = 8E7088F428775751008B4238 /* Project object */;
}
